
Microsoft Visual Studio Solution File, Format Version 12.00
# Visual Studio Version 16
VisualStudioVersion = 16.0.30907.101
MinimumVisualStudioVersion = 10.0.40219.1
Project("{FAE04EC0-301F-11D3-BF4B-00C04F79EFBC}") = "webSimple", "webSimple\webSimple.csproj", "{2F29D233-71F0-4C88-B3C2-FF8433E3DB7A}"
EndProject
Global
	GlobalSection(SolutionConfigurationPlatforms) = preSolution
		Debug|Any CPU = Debug|Any CPU
		Release|Any CPU = Release|Any CPU
	EndGlobalSection
	GlobalSection(ProjectConfigurationPlatforms) = postSolution
		{2F29D233-71F0-4C88-B3C2-FF8433E3DB7A}.Debug|Any CPU.ActiveCfg = Debug|Any CPU
		{2F29D233-71F0-4C88-B3C2-FF8433E3DB7A}.Debug|Any CPU.Build.0 = Debug|Any CPU
		{2F29D233-71F0-4C88-B3C2-FF8433E3DB7A}.Release|Any CPU.ActiveCfg = Release|Any CPU
		{2F29D233-71F0-4C88-B3C2-FF8433E3DB7A}.Release|Any CPU.Build.0 = Release|Any CPU
	EndGlobalSection
	GlobalSection(SolutionProperties) = preSolution
		HideSolutionNode = FALSE
	EndGlobalSection
	GlobalSection(ExtensibilityGlobals) = postSolution
		SolutionGuid = {FBF52EA6-8ED7-40E2-AE5F-B9AB6AC29F0A}
	EndGlobalSection
EndGlobal
